
Microsoft Visual Studio Solution File, Format Version 12.00
# Visual Studio 15
VisualStudioVersion = 15.0.26228.9
MinimumVisualStudioVersion = 10.0.40219.1
Project("{FAE04EC0-301F-11D3-BF4B-00C04F79EFBC}") = "LaunchPal.Droid", "LaunchPal\LaunchPal.Droid\LaunchPal.Droid.csproj", "{6867AB96-F8E4-45CE-B70C-666F58C7AC88}"
EndProject
Project("{FAE04EC0-301F-11D3-BF4B-00C04F79EFBC}") = "LaunchPal.iOS", "LaunchPal\LaunchPal.iOS\LaunchPal.iOS.csproj", "{371F6526-EEED-412D-BB4C-D99F36F20C62}"
EndProject
Project("{FAE04EC0-301F-11D3-BF4B-00C04F79EFBC}") = "LaunchPal.UWP", "LaunchPal\LaunchPal.UWP\LaunchPal.UWP.csproj", "{D52CADA9-C5FD-4BE6-86BF-EA3DBAE4EC8D}"
EndProject
Project("{FAE04EC0-301F-11D3-BF4B-00C04F79EFBC}") = "LaunchPal", "LaunchPal\LaunchPal\LaunchPal.csproj", "{67F9D3A8-F71E-4428-913F-C37AE82CDB24}"
EndProject
Project("{FAE04EC0-301F-11D3-BF4B-00C04F79EFBC}") = "LaunchPal.Test", "LaunchPal\LaunchPal.Test\LaunchPal.Test.csproj", "{AA0D1E9F-5B0E-4670-9ABA-1322090193F3}"
EndProject
Global
	GlobalSection(SolutionConfigurationPlatforms) = preSolution
		Ad-Hoc|Any CPU = Ad-Hoc|Any CPU
		Ad-Hoc|ARM = Ad-Hoc|ARM
		Ad-Hoc|iPhone = Ad-Hoc|iPhone
		Ad-Hoc|iPhoneSimulator = Ad-Hoc|iPhoneSimulator
		Ad-Hoc|x64 = Ad-Hoc|x64
		Ad-Hoc|x86 = Ad-Hoc|x86
		AppStore|Any CPU = AppStore|Any CPU
		AppStore|ARM = AppStore|ARM
		AppStore|iPhone = AppStore|iPhone
		AppStore|iPhoneSimulator = AppStore|iPhoneSimulator
		AppStore|x64 = AppStore|x64
		AppStore|x86 = AppStore|x86
		Debug|Any CPU = Debug|Any CPU
		Debug|ARM = Debug|ARM
		Debug|iPhone = Debug|iPhone
		Debug|iPhoneSimulator = Debug|iPhoneSimulator
		Debug|x64 = Debug|x64
		Debug|x86 = Debug|x86
		Release|Any CPU = Release|Any CPU
		Release|ARM = Release|ARM
		Release|iPhone = Release|iPhone
		Release|iPhoneSimulator = Release|iPhoneSimulator
		Release|x64 = Release|x64
		Release|x86 = Release|x86
	EndGlobalSection
	GlobalSection(ProjectConfigurationPlatforms) = postSolution
		{6867AB96-F8E4-45CE-B70C-666F58C7AC88}.Ad-Hoc|Any CPU.ActiveCfg = Release|Any CPU
		{6867AB96-F8E4-45CE-B70C-666F58C7AC88}.Ad-Hoc|Any CPU.Build.0 = Release|Any CPU
		{6867AB96-F8E4-45CE-B70C-666F58C7AC88}.Ad-Hoc|Any CPU.Deploy.0 = Release|Any CPU
		{6867AB96-F8E4-45CE-B70C-666F58C7AC88}.Ad-Hoc|ARM.ActiveCfg = Release|Any CPU
		{6867AB96-F8E4-45CE-B70C-666F58C7AC88}.Ad-Hoc|ARM.Build.0 = Release|Any CPU
		{6867AB96-F8E4-45CE-B70C-666F58C7AC88}.Ad-Hoc|ARM.Deploy.0 = Release|Any CPU
		{6867AB96-F8E4-45CE-B70C-666F58C7AC88}.Ad-Hoc|iPhone.ActiveCfg = Release|Any CPU
		{6867AB96-F8E4-45CE-B70C-666F58C7AC88}.Ad-Hoc|iPhone.Build.0 = Release|Any CPU
		{6867AB96-F8E4-45CE-B70C-666F58C7AC88}.Ad-Hoc|iPhone.Deploy.0 = Release|Any CPU
		{6867AB96-F8E4-45CE-B70C-666F58C7AC88}.Ad-Hoc|iPhoneSimulator.ActiveCfg = Release|Any CPU
		{6867AB96-F8E4-45CE-B70C-666F58C7AC88}.Ad-Hoc|iPhoneSimulator.Build.0 = Release|Any CPU
		{6867AB96-F8E4-45CE-B70C-666F58C7AC88}.Ad-Hoc|iPhoneSimulator.Deploy.0 = Release|Any CPU
		{6867AB96-F8E4-45CE-B70C-666F58C7AC88}.Ad-Hoc|x64.ActiveCfg = Release|Any CPU
		{6867AB96-F8E4-45CE-B70C-666F58C7AC88}.Ad-Hoc|x64.Build.0 = Release|Any CPU
		{6867AB96-F8E4-45CE-B70C-666F58C7AC88}.Ad-Hoc|x64.Deploy.0 = Release|Any CPU
		{6867AB96-F8E4-45CE-B70C-666F58C7AC88}.Ad-Hoc|x86.ActiveCfg = Release|Any CPU
		{6867AB96-F8E4-45CE-B70C-666F58C7AC88}.Ad-Hoc|x86.Build.0 = Release|Any CPU
		{6867AB96-F8E4-45CE-B70C-666F58C7AC88}.Ad-Hoc|x86.Deploy.0 = Release|Any CPU
		{6867AB96-F8E4-45CE-B70C-666F58C7AC88}.AppStore|Any CPU.ActiveCfg = Release|Any CPU
		{6867AB96-F8E4-45CE-B70C-666F58C7AC88}.AppStore|Any CPU.Build.0 = Release|Any CPU
		{6867AB96-F8E4-45CE-B70C-666F58C7AC88}.AppStore|Any CPU.Deploy.0 = Release|Any CPU
		{6867AB96-F8E4-45CE-B70C-666F58C7AC88}.AppStore|ARM.ActiveCfg = Release|Any CPU
		{6867AB96-F8E4-45CE-B70C-666F58C7AC88}.AppStore|ARM.Build.0 = Release|Any CPU
		{6867AB96-F8E4-45CE-B70C-666F58C7AC88}.AppStore|ARM.Deploy.0 = Release|Any CPU
		{6867AB96-F8E4-45CE-B70C-666F58C7AC88}.AppStore|iPhone.ActiveCfg = Release|Any CPU
		{6867AB96-F8E4-45CE-B70C-666F58C7AC88}.AppStore|iPhone.Build.0 = Release|Any CPU
		{6867AB96-F8E4-45CE-B70C-666F58C7AC88}.AppStore|iPhone.Deploy.0 = Release|Any CPU
		{6867AB96-F8E4-45CE-B70C-666F58C7AC88}.AppStore|iPhoneSimulator.ActiveCfg = Release|Any CPU
		{6867AB96-F8E4-45CE-B70C-666F58C7AC88}.AppStore|iPhoneSimulator.Build.0 = Release|Any CPU
		{6867AB96-F8E4-45CE-B70C-666F58C7AC88}.AppStore|iPhoneSimulator.Deploy.0 = Release|Any CPU
		{6867AB96-F8E4-45CE-B70C-666F58C7AC88}.AppStore|x64.ActiveCfg = Release|Any CPU
		{6867AB96-F8E4-45CE-B70C-666F58C7AC88}.AppStore|x64.Build.0 = Release|Any CPU
		{6867AB96-F8E4-45CE-B70C-666F58C7AC88}.AppStore|x64.Deploy.0 = Release|Any CPU
		{6867AB96-F8E4-45CE-B70C-666F58C7AC88}.AppStore|x86.ActiveCfg = Release|Any CPU
		{6867AB96-F8E4-45CE-B70C-666F58C7AC88}.AppStore|x86.Build.0 = Release|Any CPU
		{6867AB96-F8E4-45CE-B70C-666F58C7AC88}.AppStore|x86.Deploy.0 = Release|Any CPU
		{6867AB96-F8E4-45CE-B70C-666F58C7AC88}.Debug|Any CPU.ActiveCfg = Debug|Any CPU
		{6867AB96-F8E4-45CE-B70C-666F58C7AC88}.Debug|Any CPU.Build.0 = Debug|Any CPU
		{6867AB96-F8E4-45CE-B70C-666F58C7AC88}.Debug|Any CPU.Deploy.0 = Debug|Any CPU
		{6867AB96-F8E4-45CE-B70C-666F58C7AC88}.Debug|ARM.ActiveCfg = Debug|Any CPU
		{6867AB96-F8E4-45CE-B70C-666F58C7AC88}.Debug|ARM.Build.0 = Debug|Any CPU
		{6867AB96-F8E4-45CE-B70C-666F58C7AC88}.Debug|ARM.Deploy.0 = Debug|Any CPU
		{6867AB96-F8E4-45CE-B70C-666F58C7AC88}.Debug|iPhone.ActiveCfg = Debug|Any CPU
		{6867AB96-F8E4-45CE-B70C-666F58C7AC88}.Debug|iPhone.Build.0 = Debug|Any CPU
		{6867AB96-F8E4-45CE-B70C-666F58C7AC88}.Debug|iPhone.Deploy.0 = Debug|Any CPU
		{6867AB96-F8E4-45CE-B70C-666F58C7AC88}.Debug|iPhoneSimulator.ActiveCfg = Debug|Any CPU
		{6867AB96-F8E4-45CE-B70C-666F58C7AC88}.Debug|iPhoneSimulator.Build.0 = Debug|Any CPU
		{6867AB96-F8E4-45CE-B70C-666F58C7AC88}.Debug|iPhoneSimulator.Deploy.0 = Debug|Any CPU
		{6867AB96-F8E4-45CE-B70C-666F58C7AC88}.Debug|x64.ActiveCfg = Debug|Any CPU
		{6867AB96-F8E4-45CE-B70C-666F58C7AC88}.Debug|x64.Build.0 = Debug|Any CPU
		{6867AB96-F8E4-45CE-B70C-666F58C7AC88}.Debug|x64.Deploy.0 = Debug|Any CPU
		{6867AB96-F8E4-45CE-B70C-666F58C7AC88}.Debug|x86.ActiveCfg = Debug|Any CPU
		{6867AB96-F8E4-45CE-B70C-666F58C7AC88}.Debug|x86.Build.0 = Debug|Any CPU
		{6867AB96-F8E4-45CE-B70C-666F58C7AC88}.Debug|x86.Deploy.0 = Debug|Any CPU
		{6867AB96-F8E4-45CE-B70C-666F58C7AC88}.Release|Any CPU.ActiveCfg = Release|Any CPU
		{6867AB96-F8E4-45CE-B70C-666F58C7AC88}.Release|Any CPU.Build.0 = Release|Any CPU
		{6867AB96-F8E4-45CE-B70C-666F58C7AC88}.Release|Any CPU.Deploy.0 = Release|Any CPU
		{6867AB96-F8E4-45CE-B70C-666F58C7AC88}.Release|ARM.ActiveCfg = Release|Any CPU
		{6867AB96-F8E4-45CE-B70C-666F58C7AC88}.Release|ARM.Build.0 = Release|Any CPU
		{6867AB96-F8E4-45CE-B70C-666F58C7AC88}.Release|ARM.Deploy.0 = Release|Any CPU
		{6867AB96-F8E4-45CE-B70C-666F58C7AC88}.Release|iPhone.ActiveCfg = Release|Any CPU
		{6867AB96-F8E4-45CE-B70C-666F58C7AC88}.Release|iPhone.Build.0 = Release|Any CPU
		{6867AB96-F8E4-45CE-B70C-666F58C7AC88}.Release|iPhone.Deploy.0 = Release|Any CPU
		{6867AB96-F8E4-45CE-B70C-666F58C7AC88}.Release|iPhoneSimulator.ActiveCfg = Release|Any CPU
		{6867AB96-F8E4-45CE-B70C-666F58C7AC88}.Release|iPhoneSimulator.Build.0 = Release|Any CPU
		{6867AB96-F8E4-45CE-B70C-666F58C7AC88}.Release|iPhoneSimulator.Deploy.0 = Release|Any CPU
		{6867AB96-F8E4-45CE-B70C-666F58C7AC88}.Release|x64.ActiveCfg = Release|Any CPU
		{6867AB96-F8E4-45CE-B70C-666F58C7AC88}.Release|x64.Build.0 = Release|Any CPU
		{6867AB96-F8E4-45CE-B70C-666F58C7AC88}.Release|x64.Deploy.0 = Release|Any CPU
		{6867AB96-F8E4-45CE-B70C-666F58C7AC88}.Release|x86.ActiveCfg = Release|Any CPU
		{6867AB96-F8E4-45CE-B70C-666F58C7AC88}.Release|x86.Build.0 = Release|Any CPU
		{6867AB96-F8E4-45CE-B70C-666F58C7AC88}.Release|x86.Deploy.0 = Release|Any CPU
		{371F6526-EEED-412D-BB4C-D99F36F20C62}.Ad-Hoc|Any CPU.ActiveCfg = Ad-Hoc|iPhone
		{371F6526-EEED-412D-BB4C-D99F36F20C62}.Ad-Hoc|ARM.ActiveCfg = Ad-Hoc|iPhone
		{371F6526-EEED-412D-BB4C-D99F36F20C62}.Ad-Hoc|iPhone.ActiveCfg = Ad-Hoc|iPhone
		{371F6526-EEED-412D-BB4C-D99F36F20C62}.Ad-Hoc|iPhone.Build.0 = Ad-Hoc|iPhone
		{371F6526-EEED-412D-BB4C-D99F36F20C62}.Ad-Hoc|iPhoneSimulator.ActiveCfg = Ad-Hoc|iPhoneSimulator
		{371F6526-EEED-412D-BB4C-D99F36F20C62}.Ad-Hoc|iPhoneSimulator.Build.0 = Ad-Hoc|iPhoneSimulator
		{371F6526-EEED-412D-BB4C-D99F36F20C62}.Ad-Hoc|x64.ActiveCfg = Ad-Hoc|iPhone
		{371F6526-EEED-412D-BB4C-D99F36F20C62}.Ad-Hoc|x86.ActiveCfg = Ad-Hoc|iPhone
		{371F6526-EEED-412D-BB4C-D99F36F20C62}.AppStore|Any CPU.ActiveCfg = AppStore|iPhone
		{371F6526-EEED-412D-BB4C-D99F36F20C62}.AppStore|ARM.ActiveCfg = AppStore|iPhone
		{371F6526-EEED-412D-BB4C-D99F36F20C62}.AppStore|iPhone.ActiveCfg = AppStore|iPhone
		{371F6526-EEED-412D-BB4C-D99F36F20C62}.AppStore|iPhone.Build.0 = AppStore|iPhone
		{371F6526-EEED-412D-BB4C-D99F36F20C62}.AppStore|iPhoneSimulator.ActiveCfg = AppStore|iPhoneSimulator
		{371F6526-EEED-412D-BB4C-D99F36F20C62}.AppStore|iPhoneSimulator.Build.0 = AppStore|iPhoneSimulator
		{371F6526-EEED-412D-BB4C-D99F36F20C62}.AppStore|x64.ActiveCfg = AppStore|iPhone
		{371F6526-EEED-412D-BB4C-D99F36F20C62}.AppStore|x86.ActiveCfg = AppStore|iPhone
		{371F6526-EEED-412D-BB4C-D99F36F20C62}.Debug|Any CPU.ActiveCfg = Debug|iPhone
		{371F6526-EEED-412D-BB4C-D99F36F20C62}.Debug|ARM.ActiveCfg = Debug|iPhone
		{371F6526-EEED-412D-BB4C-D99F36F20C62}.Debug|iPhone.ActiveCfg = Debug|iPhone
		{371F6526-EEED-412D-BB4C-D99F36F20C62}.Debug|iPhone.Build.0 = Debug|iPhone
		{371F6526-EEED-412D-BB4C-D99F36F20C62}.Debug|iPhoneSimulator.ActiveCfg = Debug|iPhoneSimulator
		{371F6526-EEED-412D-BB4C-D99F36F20C62}.Debug|iPhoneSimulator.Build.0 = Debug|iPhoneSimulator
		{371F6526-EEED-412D-BB4C-D99F36F20C62}.Debug|x64.ActiveCfg = Debug|iPhone
		{371F6526-EEED-412D-BB4C-D99F36F20C62}.Debug|x86.ActiveCfg = Debug|iPhone
		{371F6526-EEED-412D-BB4C-D99F36F20C62}.Release|Any CPU.ActiveCfg = Release|iPhone
		{371F6526-EEED-412D-BB4C-D99F36F20C62}.Release|ARM.ActiveCfg = Release|iPhone
		{371F6526-EEED-412D-BB4C-D99F36F20C62}.Release|iPhone.ActiveCfg = Release|iPhone
		{371F6526-EEED-412D-BB4C-D99F36F20C62}.Release|iPhone.Build.0 = Release|iPhone
		{371F6526-EEED-412D-BB4C-D99F36F20C62}.Release|iPhoneSimulator.ActiveCfg = Release|iPhoneSimulator
		{371F6526-EEED-412D-BB4C-D99F36F20C62}.Release|iPhoneSimulator.Build.0 = Release|iPhoneSimulator
		{371F6526-EEED-412D-BB4C-D99F36F20C62}.Release|x64.ActiveCfg = Release|iPhone
		{371F6526-EEED-412D-BB4C-D99F36F20C62}.Release|x86.ActiveCfg = Release|iPhone
		{D52CADA9-C5FD-4BE6-86BF-EA3DBAE4EC8D}.Ad-Hoc|Any CPU.ActiveCfg = Release|x64
		{D52CADA9-C5FD-4BE6-86BF-EA3DBAE4EC8D}.Ad-Hoc|Any CPU.Build.0 = Release|x64
		{D52CADA9-C5FD-4BE6-86BF-EA3DBAE4EC8D}.Ad-Hoc|Any CPU.Deploy.0 = Release|x64
		{D52CADA9-C5FD-4BE6-86BF-EA3DBAE4EC8D}.Ad-Hoc|ARM.ActiveCfg = Release|ARM
		{D52CADA9-C5FD-4BE6-86BF-EA3DBAE4EC8D}.Ad-Hoc|ARM.Build.0 = Release|ARM
		{D52CADA9-C5FD-4BE6-86BF-EA3DBAE4EC8D}.Ad-Hoc|ARM.Deploy.0 = Release|ARM
		{D52CADA9-C5FD-4BE6-86BF-EA3DBAE4EC8D}.Ad-Hoc|iPhone.ActiveCfg = Release|x64
		{D52CADA9-C5FD-4BE6-86BF-EA3DBAE4EC8D}.Ad-Hoc|iPhone.Build.0 = Release|x64
		{D52CADA9-C5FD-4BE6-86BF-EA3DBAE4EC8D}.Ad-Hoc|iPhone.Deploy.0 = Release|x64
		{D52CADA9-C5FD-4BE6-86BF-EA3DBAE4EC8D}.Ad-Hoc|iPhoneSimulator.ActiveCfg = Release|x64
		{D52CADA9-C5FD-4BE6-86BF-EA3DBAE4EC8D}.Ad-Hoc|iPhoneSimulator.Build.0 = Release|x64
		{D52CADA9-C5FD-4BE6-86BF-EA3DBAE4EC8D}.Ad-Hoc|iPhoneSimulator.Deploy.0 = Release|x64
		{D52CADA9-C5FD-4BE6-86BF-EA3DBAE4EC8D}.Ad-Hoc|x64.ActiveCfg = Release|x64
		{D52CADA9-C5FD-4BE6-86BF-EA3DBAE4EC8D}.Ad-Hoc|x64.Build.0 = Release|x64
		{D52CADA9-C5FD-4BE6-86BF-EA3DBAE4EC8D}.Ad-Hoc|x64.Deploy.0 = Release|x64
		{D52CADA9-C5FD-4BE6-86BF-EA3DBAE4EC8D}.Ad-Hoc|x86.ActiveCfg = Release|x86
		{D52CADA9-C5FD-4BE6-86BF-EA3DBAE4EC8D}.Ad-Hoc|x86.Build.0 = Release|x86
		{D52CADA9-C5FD-4BE6-86BF-EA3DBAE4EC8D}.Ad-Hoc|x86.Deploy.0 = Release|x86
		{D52CADA9-C5FD-4BE6-86BF-EA3DBAE4EC8D}.AppStore|Any CPU.ActiveCfg = Release|x64
		{D52CADA9-C5FD-4BE6-86BF-EA3DBAE4EC8D}.AppStore|Any CPU.Build.0 = Release|x64
		{D52CADA9-C5FD-4BE6-86BF-EA3DBAE4EC8D}.AppStore|Any CPU.Deploy.0 = Release|x64
		{D52CADA9-C5FD-4BE6-86BF-EA3DBAE4EC8D}.AppStore|ARM.ActiveCfg = Release|ARM
		{D52CADA9-C5FD-4BE6-86BF-EA3DBAE4EC8D}.AppStore|ARM.Build.0 = Release|ARM
		{D52CADA9-C5FD-4BE6-86BF-EA3DBAE4EC8D}.AppStore|ARM.Deploy.0 = Release|ARM
		{D52CADA9-C5FD-4BE6-86BF-EA3DBAE4EC8D}.AppStore|iPhone.ActiveCfg = Release|x64
		{D52CADA9-C5FD-4BE6-86BF-EA3DBAE4EC8D}.AppStore|iPhone.Build.0 = Release|x64
		{D52CADA9-C5FD-4BE6-86BF-EA3DBAE4EC8D}.AppStore|iPhone.Deploy.0 = Release|x64
		{D52CADA9-C5FD-4BE6-86BF-EA3DBAE4EC8D}.AppStore|iPhoneSimulator.ActiveCfg = Release|x64
		{D52CADA9-C5FD-4BE6-86BF-EA3DBAE4EC8D}.AppStore|iPhoneSimulator.Build.0 = Release|x64
		{D52CADA9-C5FD-4BE6-86BF-EA3DBAE4EC8D}.AppStore|iPhoneSimulator.Deploy.0 = Release|x64
		{D52CADA9-C5FD-4BE6-86BF-EA3DBAE4EC8D}.AppStore|x64.ActiveCfg = Release|x64
		{D52CADA9-C5FD-4BE6-86BF-EA3DBAE4EC8D}.AppStore|x64.Build.0 = Release|x64
		{D52CADA9-C5FD-4BE6-86BF-EA3DBAE4EC8D}.AppStore|x64.Deploy.0 = Release|x64
		{D52CADA9-C5FD-4BE6-86BF-EA3DBAE4EC8D}.AppStore|x86.ActiveCfg = Release|x86
		{D52CADA9-C5FD-4BE6-86BF-EA3DBAE4EC8D}.AppStore|x86.Build.0 = Release|x86
		{D52CADA9-C5FD-4BE6-86BF-EA3DBAE4EC8D}.AppStore|x86.Deploy.0 = Release|x86
		{D52CADA9-C5FD-4BE6-86BF-EA3DBAE4EC8D}.Debug|Any CPU.ActiveCfg = Debug|x86
		{D52CADA9-C5FD-4BE6-86BF-EA3DBAE4EC8D}.Debug|Any CPU.Build.0 = Debug|x86
		{D52CADA9-C5FD-4BE6-86BF-EA3DBAE4EC8D}.Debug|Any CPU.Deploy.0 = Debug|x86
		{D52CADA9-C5FD-4BE6-86BF-EA3DBAE4EC8D}.Debug|ARM.ActiveCfg = Debug|ARM
		{D52CADA9-C5FD-4BE6-86BF-EA3DBAE4EC8D}.Debug|ARM.Build.0 = Debug|ARM
		{D52CADA9-C5FD-4BE6-86BF-EA3DBAE4EC8D}.Debug|ARM.Deploy.0 = Debug|ARM
		{D52CADA9-C5FD-4BE6-86BF-EA3DBAE4EC8D}.Debug|iPhone.ActiveCfg = Debug|x86
		{D52CADA9-C5FD-4BE6-86BF-EA3DBAE4EC8D}.Debug|iPhoneSimulator.ActiveCfg = Debug|x86
		{D52CADA9-C5FD-4BE6-86BF-EA3DBAE4EC8D}.Debug|x64.ActiveCfg = Debug|x64
		{D52CADA9-C5FD-4BE6-86BF-EA3DBAE4EC8D}.Debug|x64.Build.0 = Debug|x64
		{D52CADA9-C5FD-4BE6-86BF-EA3DBAE4EC8D}.Debug|x64.Deploy.0 = Debug|x64
		{D52CADA9-C5FD-4BE6-86BF-EA3DBAE4EC8D}.Debug|x86.ActiveCfg = Debug|x86
		{D52CADA9-C5FD-4BE6-86BF-EA3DBAE4EC8D}.Debug|x86.Build.0 = Debug|x86
		{D52CADA9-C5FD-4BE6-86BF-EA3DBAE4EC8D}.Debug|x86.Deploy.0 = Debug|x86
		{D52CADA9-C5FD-4BE6-86BF-EA3DBAE4EC8D}.Release|Any CPU.ActiveCfg = Release|x86
		{D52CADA9-C5FD-4BE6-86BF-EA3DBAE4EC8D}.Release|ARM.ActiveCfg = Release|ARM
		{D52CADA9-C5FD-4BE6-86BF-EA3DBAE4EC8D}.Release|ARM.Build.0 = Release|ARM
		{D52CADA9-C5FD-4BE6-86BF-EA3DBAE4EC8D}.Release|ARM.Deploy.0 = Release|ARM
		{D52CADA9-C5FD-4BE6-86BF-EA3DBAE4EC8D}.Release|iPhone.ActiveCfg = Release|x86
		{D52CADA9-C5FD-4BE6-86BF-EA3DBAE4EC8D}.Release|iPhoneSimulator.ActiveCfg = Release|x86
		{D52CADA9-C5FD-4BE6-86BF-EA3DBAE4EC8D}.Release|x64.ActiveCfg = Release|x64
		{D52CADA9-C5FD-4BE6-86BF-EA3DBAE4EC8D}.Release|x64.Build.0 = Release|x64
		{D52CADA9-C5FD-4BE6-86BF-EA3DBAE4EC8D}.Release|x64.Deploy.0 = Release|x64
		{D52CADA9-C5FD-4BE6-86BF-EA3DBAE4EC8D}.Release|x86.ActiveCfg = Release|x86
		{D52CADA9-C5FD-4BE6-86BF-EA3DBAE4EC8D}.Release|x86.Build.0 = Release|x86
		{D52CADA9-C5FD-4BE6-86BF-EA3DBAE4EC8D}.Release|x86.Deploy.0 = Release|x86
		{67F9D3A8-F71E-4428-913F-C37AE82CDB24}.Ad-Hoc|Any CPU.ActiveCfg = Release|Any CPU
		{67F9D3A8-F71E-4428-913F-C37AE82CDB24}.Ad-Hoc|Any CPU.Build.0 = Release|Any CPU
		{67F9D3A8-F71E-4428-913F-C37AE82CDB24}.Ad-Hoc|ARM.ActiveCfg = Release|Any CPU
		{67F9D3A8-F71E-4428-913F-C37AE82CDB24}.Ad-Hoc|ARM.Build.0 = Release|Any CPU
		{67F9D3A8-F71E-4428-913F-C37AE82CDB24}.Ad-Hoc|iPhone.ActiveCfg = Release|Any CPU
		{67F9D3A8-F71E-4428-913F-C37AE82CDB24}.Ad-Hoc|iPhone.Build.0 = Release|Any CPU
		{67F9D3A8-F71E-4428-913F-C37AE82CDB24}.Ad-Hoc|iPhoneSimulator.ActiveCfg = Release|Any CPU
		{67F9D3A8-F71E-4428-913F-C37AE82CDB24}.Ad-Hoc|iPhoneSimulator.Build.0 = Release|Any CPU
		{67F9D3A8-F71E-4428-913F-C37AE82CDB24}.Ad-Hoc|x64.ActiveCfg = Release|Any CPU
		{67F9D3A8-F71E-4428-913F-C37AE82CDB24}.Ad-Hoc|x64.Build.0 = Release|Any CPU
		{67F9D3A8-F71E-4428-913F-C37AE82CDB24}.Ad-Hoc|x86.ActiveCfg = Release|Any CPU
		{67F9D3A8-F71E-4428-913F-C37AE82CDB24}.Ad-Hoc|x86.Build.0 = Release|Any CPU
		{67F9D3A8-F71E-4428-913F-C37AE82CDB24}.AppStore|Any CPU.ActiveCfg = Release|Any CPU
		{67F9D3A8-F71E-4428-913F-C37AE82CDB24}.AppStore|Any CPU.Build.0 = Release|Any CPU
		{67F9D3A8-F71E-4428-913F-C37AE82CDB24}.AppStore|ARM.ActiveCfg = Release|Any CPU
		{67F9D3A8-F71E-4428-913F-C37AE82CDB24}.AppStore|ARM.Build.0 = Release|Any CPU
		{67F9D3A8-F71E-4428-913F-C37AE82CDB24}.AppStore|iPhone.ActiveCfg = Release|Any CPU
		{67F9D3A8-F71E-4428-913F-C37AE82CDB24}.AppStore|iPhone.Build.0 = Release|Any CPU
		{67F9D3A8-F71E-4428-913F-C37AE82CDB24}.AppStore|iPhoneSimulator.ActiveCfg = Release|Any CPU
		{67F9D3A8-F71E-4428-913F-C37AE82CDB24}.AppStore|iPhoneSimulator.Build.0 = Release|Any CPU
		{67F9D3A8-F71E-4428-913F-C37AE82CDB24}.AppStore|x64.ActiveCfg = Release|Any CPU
		{67F9D3A8-F71E-4428-913F-C37AE82CDB24}.AppStore|x64.Build.0 = Release|Any CPU
		{67F9D3A8-F71E-4428-913F-C37AE82CDB24}.AppStore|x86.ActiveCfg = Release|Any CPU
		{67F9D3A8-F71E-4428-913F-C37AE82CDB24}.AppStore|x86.Build.0 = Release|Any CPU
		{67F9D3A8-F71E-4428-913F-C37AE82CDB24}.Debug|Any CPU.ActiveCfg = Debug|Any CPU
		{67F9D3A8-F71E-4428-913F-C37AE82CDB24}.Debug|Any CPU.Build.0 = Debug|Any CPU
		{67F9D3A8-F71E-4428-913F-C37AE82CDB24}.Debug|ARM.ActiveCfg = Debug|Any CPU
		{67F9D3A8-F71E-4428-913F-C37AE82CDB24}.Debug|ARM.Build.0 = Debug|Any CPU
		{67F9D3A8-F71E-4428-913F-C37AE82CDB24}.Debug|iPhone.ActiveCfg = Debug|Any CPU
		{67F9D3A8-F71E-4428-913F-C37AE82CDB24}.Debug|iPhone.Build.0 = Debug|Any CPU
		{67F9D3A8-F71E-4428-913F-C37AE82CDB24}.Debug|iPhoneSimulator.ActiveCfg = Debug|Any CPU
		{67F9D3A8-F71E-4428-913F-C37AE82CDB24}.Debug|iPhoneSimulator.Build.0 = Debug|Any CPU
		{67F9D3A8-F71E-4428-913F-C37AE82CDB24}.Debug|x64.ActiveCfg = Debug|Any CPU
		{67F9D3A8-F71E-4428-913F-C37AE82CDB24}.Debug|x64.Build.0 = Debug|Any CPU
		{67F9D3A8-F71E-4428-913F-C37AE82CDB24}.Debug|x86.ActiveCfg = Debug|Any CPU
		{67F9D3A8-F71E-4428-913F-C37AE82CDB24}.Debug|x86.Build.0 = Debug|Any CPU
		{67F9D3A8-F71E-4428-913F-C37AE82CDB24}.Release|Any CPU.ActiveCfg = Release|Any CPU
		{67F9D3A8-F71E-4428-913F-C37AE82CDB24}.Release|Any CPU.Build.0 = Release|Any CPU
		{67F9D3A8-F71E-4428-913F-C37AE82CDB24}.Release|ARM.ActiveCfg = Release|Any CPU
		{67F9D3A8-F71E-4428-913F-C37AE82CDB24}.Release|ARM.Build.0 = Release|Any CPU
		{67F9D3A8-F71E-4428-913F-C37AE82CDB24}.Release|iPhone.ActiveCfg = Release|Any CPU
		{67F9D3A8-F71E-4428-913F-C37AE82CDB24}.Release|iPhone.Build.0 = Release|Any CPU
		{67F9D3A8-F71E-4428-913F-C37AE82CDB24}.Release|iPhoneSimulator.ActiveCfg = Release|Any CPU
		{67F9D3A8-F71E-4428-913F-C37AE82CDB24}.Release|iPhoneSimulator.Build.0 = Release|Any CPU
		{67F9D3A8-F71E-4428-913F-C37AE82CDB24}.Release|x64.ActiveCfg = Release|Any CPU
		{67F9D3A8-F71E-4428-913F-C37AE82CDB24}.Release|x64.Build.0 = Release|Any CPU
		{67F9D3A8-F71E-4428-913F-C37AE82CDB24}.Release|x86.ActiveCfg = Release|Any CPU
		{67F9D3A8-F71E-4428-913F-C37AE82CDB24}.Release|x86.Build.0 = Release|Any CPU
		{AA0D1E9F-5B0E-4670-9ABA-1322090193F3}.Ad-Hoc|Any CPU.ActiveCfg = Release|Any CPU
		{AA0D1E9F-5B0E-4670-9ABA-1322090193F3}.Ad-Hoc|Any CPU.Build.0 = Release|Any CPU
		{AA0D1E9F-5B0E-4670-9ABA-1322090193F3}.Ad-Hoc|ARM.ActiveCfg = Release|Any CPU
		{AA0D1E9F-5B0E-4670-9ABA-1322090193F3}.Ad-Hoc|ARM.Build.0 = Release|Any CPU
		{AA0D1E9F-5B0E-4670-9ABA-1322090193F3}.Ad-Hoc|iPhone.ActiveCfg = Release|Any CPU
		{AA0D1E9F-5B0E-4670-9ABA-1322090193F3}.Ad-Hoc|iPhone.Build.0 = Release|Any CPU
		{AA0D1E9F-5B0E-4670-9ABA-1322090193F3}.Ad-Hoc|iPhoneSimulator.ActiveCfg = Release|Any CPU
		{AA0D1E9F-5B0E-4670-9ABA-1322090193F3}.Ad-Hoc|iPhoneSimulator.Build.0 = Release|Any CPU
		{AA0D1E9F-5B0E-4670-9ABA-1322090193F3}.Ad-Hoc|x64.ActiveCfg = Release|Any CPU
		{AA0D1E9F-5B0E-4670-9ABA-1322090193F3}.Ad-Hoc|x64.Build.0 = Release|Any CPU
		{AA0D1E9F-5B0E-4670-9ABA-1322090193F3}.Ad-Hoc|x86.ActiveCfg = Release|Any CPU
		{AA0D1E9F-5B0E-4670-9ABA-1322090193F3}.Ad-Hoc|x86.Build.0 = Release|Any CPU
		{AA0D1E9F-5B0E-4670-9ABA-1322090193F3}.AppStore|Any CPU.ActiveCfg = Release|Any CPU
		{AA0D1E9F-5B0E-4670-9ABA-1322090193F3}.AppStore|Any CPU.Build.0 = Release|Any CPU
		{AA0D1E9F-5B0E-4670-9ABA-1322090193F3}.AppStore|ARM.ActiveCfg = Release|Any CPU
		{AA0D1E9F-5B0E-4670-9ABA-1322090193F3}.AppStore|ARM.Build.0 = Release|Any CPU
		{AA0D1E9F-5B0E-4670-9ABA-1322090193F3}.AppStore|iPhone.ActiveCfg = Release|Any CPU
		{AA0D1E9F-5B0E-4670-9ABA-1322090193F3}.AppStore|iPhone.Build.0 = Release|Any CPU
		{AA0D1E9F-5B0E-4670-9ABA-1322090193F3}.AppStore|iPhoneSimulator.ActiveCfg = Release|Any CPU
		{AA0D1E9F-5B0E-4670-9ABA-1322090193F3}.AppStore|iPhoneSimulator.Build.0 = Release|Any CPU
		{AA0D1E9F-5B0E-4670-9ABA-1322090193F3}.AppStore|x64.ActiveCfg = Release|Any CPU
		{AA0D1E9F-5B0E-4670-9ABA-1322090193F3}.AppStore|x64.Build.0 = Release|Any CPU
		{AA0D1E9F-5B0E-4670-9ABA-1322090193F3}.AppStore|x86.ActiveCfg = Release|Any CPU
		{AA0D1E9F-5B0E-4670-9ABA-1322090193F3}.AppStore|x86.Build.0 = Release|Any CPU
		{AA0D1E9F-5B0E-4670-9ABA-1322090193F3}.Debug|Any CPU.ActiveCfg = Debug|Any CPU
		{AA0D1E9F-5B0E-4670-9ABA-1322090193F3}.Debug|Any CPU.Build.0 = Debug|Any CPU
		{AA0D1E9F-5B0E-4670-9ABA-1322090193F3}.Debug|ARM.ActiveCfg = Debug|Any CPU
		{AA0D1E9F-5B0E-4670-9ABA-1322090193F3}.Debug|ARM.Build.0 = Debug|Any CPU
		{AA0D1E9F-5B0E-4670-9ABA-1322090193F3}.Debug|iPhone.ActiveCfg = Debug|Any CPU
		{AA0D1E9F-5B0E-4670-9ABA-1322090193F3}.Debug|iPhone.Build.0 = Debug|Any CPU
		{AA0D1E9F-5B0E-4670-9ABA-1322090193F3}.Debug|iPhoneSimulator.ActiveCfg = Debug|Any CPU
		{AA0D1E9F-5B0E-4670-9ABA-1322090193F3}.Debug|iPhoneSimulator.Build.0 = Debug|Any CPU
		{AA0D1E9F-5B0E-4670-9ABA-1322090193F3}.Debug|x64.ActiveCfg = Debug|Any CPU
		{AA0D1E9F-5B0E-4670-9ABA-1322090193F3}.Debug|x64.Build.0 = Debug|Any CPU
		{AA0D1E9F-5B0E-4670-9ABA-1322090193F3}.Debug|x86.ActiveCfg = Debug|Any CPU
		{AA0D1E9F-5B0E-4670-9ABA-1322090193F3}.Debug|x86.Build.0 = Debug|Any CPU
		{AA0D1E9F-5B0E-4670-9ABA-1322090193F3}.Release|Any CPU.ActiveCfg = Release|Any CPU
		{AA0D1E9F-5B0E-4670-9ABA-1322090193F3}.Release|Any CPU.Build.0 = Release|Any CPU
		{AA0D1E9F-5B0E-4670-9ABA-1322090193F3}.Release|ARM.ActiveCfg = Release|Any CPU
		{AA0D1E9F-5B0E-4670-9ABA-1322090193F3}.Release|ARM.Build.0 = Release|Any CPU
		{AA0D1E9F-5B0E-4670-9ABA-1322090193F3}.Release|iPhone.ActiveCfg = Release|Any CPU
		{AA0D1E9F-5B0E-4670-9ABA-1322090193F3}.Release|iPhone.Build.0 = Release|Any CPU
		{AA0D1E9F-5B0E-4670-9ABA-1322090193F3}.Release|iPhoneSimulator.ActiveCfg = Release|Any CPU
		{AA0D1E9F-5B0E-4670-9ABA-1322090193F3}.Release|iPhoneSimulator.Build.0 = Release|Any CPU
		{AA0D1E9F-5B0E-4670-9ABA-1322090193F3}.Release|x64.ActiveCfg = Release|Any CPU
		{AA0D1E9F-5B0E-4670-9ABA-1322090193F3}.Release|x64.Build.0 = Release|Any CPU
		{AA0D1E9F-5B0E-4670-9ABA-1322090193F3}.Release|x86.ActiveCfg = Release|Any CPU
		{AA0D1E9F-5B0E-4670-9ABA-1322090193F3}.Release|x86.Build.0 = Release|Any CPU
	EndGlobalSection
	GlobalSection(SolutionProperties) = preSolution
		HideSolutionNode = FALSE
	EndGlobalSection
EndGlobal
